
Microsoft Visual Studio Solution File, Format Version 12.00
# Visual Studio Version 17
VisualStudioVersion = 17.8.34330.188
MinimumVisualStudioVersion = 10.0.40219.1
Project("{FAE04EC0-301F-11D3-BF4B-00C04F79EFBC}") = "assignment8", "assignment8\assignment8.csproj", "{7A670403-1B48-4B52-BC9F-07232BFBF370}"
EndProject
Global
	GlobalSection(SolutionConfigurationPlatforms) = preSolution
		Debug|Any CPU = Debug|Any CPU
		Release|Any CPU = Release|Any CPU
	EndGlobalSection
	GlobalSection(ProjectConfigurationPlatforms) = postSolution
		{7A670403-1B48-4B52-BC9F-07232BFBF370}.Debug|Any CPU.ActiveCfg = Debug|Any CPU
		{7A670403-1B48-4B52-BC9F-07232BFBF370}.Debug|Any CPU.Build.0 = Debug|Any CPU
		{7A670403-1B48-4B52-BC9F-07232BFBF370}.Release|Any CPU.ActiveCfg = Release|Any CPU
		{7A670403-1B48-4B52-BC9F-07232BFBF370}.Release|Any CPU.Build.0 = Release|Any CPU
	EndGlobalSection
	GlobalSection(SolutionProperties) = preSolution
		HideSolutionNode = FALSE
	EndGlobalSection
	GlobalSection(ExtensibilityGlobals) = postSolution
		SolutionGuid = {896DFD2A-B38C-46F9-8D39-EACF50E04827}
	EndGlobalSection
EndGlobal
